
Microsoft Visual Studio Solution File, Format Version 12.00
# Visual Studio Version 16
VisualStudioVersion = 16.0.31019.35
MinimumVisualStudioVersion = 10.0.40219.1
Project("{FAE04EC0-301F-11D3-BF4B-00C04F79EFBC}") = "KhachHang", "KhachHang.csproj", "{F3860CDF-DD76-42FE-99CB-624742A91E85}"
EndProject
Global
	GlobalSection(SolutionConfigurationPlatforms) = preSolution
		Debug|Any CPU = Debug|Any CPU
		Release|Any CPU = Release|Any CPU
	EndGlobalSection
	GlobalSection(ProjectConfigurationPlatforms) = postSolution
		{F3860CDF-DD76-42FE-99CB-624742A91E85}.Debug|Any CPU.ActiveCfg = Debug|Any CPU
		{F3860CDF-DD76-42FE-99CB-624742A91E85}.Debug|Any CPU.Build.0 = Debug|Any CPU
		{F3860CDF-DD76-42FE-99CB-624742A91E85}.Release|Any CPU.ActiveCfg = Release|Any CPU
		{F3860CDF-DD76-42FE-99CB-624742A91E85}.Release|Any CPU.Build.0 = Release|Any CPU
	EndGlobalSection
	GlobalSection(SolutionProperties) = preSolution
		HideSolutionNode = FALSE
	EndGlobalSection
	GlobalSection(ExtensibilityGlobals) = postSolution
		SolutionGuid = {B6ACB228-4F96-4B71-994A-0D8E1BFFEC96}
	EndGlobalSection
EndGlobal
