
Microsoft Visual Studio Solution File, Format Version 12.00
# Visual Studio Version 16
VisualStudioVersion = 16.0.31019.35
MinimumVisualStudioVersion = 10.0.40219.1
Project("{FAE04EC0-301F-11D3-BF4B-00C04F79EFBC}") = "De1_11062020", "De1_11062020.csproj", "{06F6F1A8-8476-415A-8CC9-F70E9A276A33}"
EndProject
Global
	GlobalSection(SolutionConfigurationPlatforms) = preSolution
		Debug|Any CPU = Debug|Any CPU
		Release|Any CPU = Release|Any CPU
	EndGlobalSection
	GlobalSection(ProjectConfigurationPlatforms) = postSolution
		{06F6F1A8-8476-415A-8CC9-F70E9A276A33}.Debug|Any CPU.ActiveCfg = Debug|Any CPU
		{06F6F1A8-8476-415A-8CC9-F70E9A276A33}.Debug|Any CPU.Build.0 = Debug|Any CPU
		{06F6F1A8-8476-415A-8CC9-F70E9A276A33}.Release|Any CPU.ActiveCfg = Release|Any CPU
		{06F6F1A8-8476-415A-8CC9-F70E9A276A33}.Release|Any CPU.Build.0 = Release|Any CPU
	EndGlobalSection
	GlobalSection(SolutionProperties) = preSolution
		HideSolutionNode = FALSE
	EndGlobalSection
	GlobalSection(ExtensibilityGlobals) = postSolution
		SolutionGuid = {1AB49A37-2582-4B02-8B6C-90E29C4C5793}
	EndGlobalSection
EndGlobal
