
Microsoft Visual Studio Solution File, Format Version 12.00
# Visual Studio 15
VisualStudioVersion = 15.0.28307.1433
MinimumVisualStudioVersion = 10.0.40219.1
Project("{FAE04EC0-301F-11D3-BF4B-00C04F79EFBC}") = "SabPham", "SabPham\SabPham.csproj", "{62A04111-EE78-4702-95DA-7C7959B17D97}"
EndProject
Global
	GlobalSection(SolutionConfigurationPlatforms) = preSolution
		Debug|Any CPU = Debug|Any CPU
		Release|Any CPU = Release|Any CPU
	EndGlobalSection
	GlobalSection(ProjectConfigurationPlatforms) = postSolution
		{62A04111-EE78-4702-95DA-7C7959B17D97}.Debug|Any CPU.ActiveCfg = Debug|Any CPU
		{62A04111-EE78-4702-95DA-7C7959B17D97}.Debug|Any CPU.Build.0 = Debug|Any CPU
		{62A04111-EE78-4702-95DA-7C7959B17D97}.Release|Any CPU.ActiveCfg = Release|Any CPU
		{62A04111-EE78-4702-95DA-7C7959B17D97}.Release|Any CPU.Build.0 = Release|Any CPU
	EndGlobalSection
	GlobalSection(SolutionProperties) = preSolution
		HideSolutionNode = FALSE
	EndGlobalSection
	GlobalSection(ExtensibilityGlobals) = postSolution
		SolutionGuid = {AE0A4E51-4C2E-4801-8EF9-C27CB5406652}
	EndGlobalSection
EndGlobal
